
Microsoft Visual Studio Solution File, Format Version 12.00
# Visual Studio 15
Project("{FAE04EC0-301F-11D3-BF4B-00C04F79EFBC}") = "Assembly-CSharp", "Assembly-CSharp.csproj", "{C3BA79AF-1FD1-7126-FEF9-56B30E48F2CC}"
EndProject
Global
	GlobalSection(SolutionConfigurationPlatforms) = preSolution
		Debug|Any CPU = Debug|Any CPU
		Release|Any CPU = Release|Any CPU
	EndGlobalSection
	GlobalSection(ProjectConfigurationPlatforms) = postSolution
		{C3BA79AF-1FD1-7126-FEF9-56B30E48F2CC}.Debug|Any CPU.ActiveCfg = Debug|Any CPU
		{C3BA79AF-1FD1-7126-FEF9-56B30E48F2CC}.Debug|Any CPU.Build.0 = Debug|Any CPU
		{C3BA79AF-1FD1-7126-FEF9-56B30E48F2CC}.Release|Any CPU.ActiveCfg = Release|Any CPU
		{C3BA79AF-1FD1-7126-FEF9-56B30E48F2CC}.Release|Any CPU.Build.0 = Release|Any CPU
	EndGlobalSection
	GlobalSection(SolutionProperties) = preSolution
		HideSolutionNode = FALSE
	EndGlobalSection
EndGlobal
